
Microsoft Visual Studio Solution File, Format Version 12.00
# Visual Studio Version 16
VisualStudioVersion = 16.0.29709.97
MinimumVisualStudioVersion = 10.0.40219.1
Project("{8BC9CEB8-8B4A-11D0-8D11-00A0C91BC942}") = "CS201 Project", "CS201 Project\CS201 Project.vcxproj", "{ED2CBD48-144C-41C6-A9F2-5A99254E0BF5}"
EndProject
Global
	GlobalSection(SolutionConfigurationPlatforms) = preSolution
		Debug|x64 = Debug|x64
		Debug|x86 = Debug|x86
		Release|x64 = Release|x64
		Release|x86 = Release|x86
	EndGlobalSection
	GlobalSection(ProjectConfigurationPlatforms) = postSolution
		{ED2CBD48-144C-41C6-A9F2-5A99254E0BF5}.Debug|x64.ActiveCfg = Debug|x64
		{ED2CBD48-144C-41C6-A9F2-5A99254E0BF5}.Debug|x64.Build.0 = Debug|x64
		{ED2CBD48-144C-41C6-A9F2-5A99254E0BF5}.Debug|x86.ActiveCfg = Debug|Win32
		{ED2CBD48-144C-41C6-A9F2-5A99254E0BF5}.Debug|x86.Build.0 = Debug|Win32
		{ED2CBD48-144C-41C6-A9F2-5A99254E0BF5}.Release|x64.ActiveCfg = Release|x64
		{ED2CBD48-144C-41C6-A9F2-5A99254E0BF5}.Release|x64.Build.0 = Release|x64
		{ED2CBD48-144C-41C6-A9F2-5A99254E0BF5}.Release|x86.ActiveCfg = Release|Win32
		{ED2CBD48-144C-41C6-A9F2-5A99254E0BF5}.Release|x86.Build.0 = Release|Win32
	EndGlobalSection
	GlobalSection(SolutionProperties) = preSolution
		HideSolutionNode = FALSE
	EndGlobalSection
	GlobalSection(ExtensibilityGlobals) = postSolution
		SolutionGuid = {D6EAC4FA-7571-44A7-87C5-FF9FE76D709C}
	EndGlobalSection
EndGlobal
